// !$*UTF8*$!
{
	archiveVersion = 1;
	classes = {
	};
	objectVersion = 56;
	objects = {

/* Begin PBXBuildFile section */
		DF22835928D913B500B8CC78 /* Link.swift in Sources */ = {isa = PBXBuildFile; fileRef = DF22835828D913B500B8CC78 /* Link.swift */; };
		DF63A55328D646EA003B857E /* LurkerApp.swift in Sources */ = {isa = PBXBuildFile; fileRef = DF63A55228D646EA003B857E /* LurkerApp.swift */; };
		DF63A55528D646EA003B857E /* ListingView.swift in Sources */ = {isa = PBXBuildFile; fileRef = DF63A55428D646EA003B857E /* ListingView.swift */; };
		DF63A55728D646EB003B857E /* Assets.xcassets in Resources */ = {isa = PBXBuildFile; fileRef = DF63A55628D646EB003B857E /* Assets.xcassets */; };
		DF63A55A28D646EB003B857E /* Preview Assets.xcassets in Resources */ = {isa = PBXBuildFile; fileRef = DF63A55928D646EB003B857E /* Preview Assets.xcassets */; };
		DF63A57D28D65232003B857E /* Thing.swift in Sources */ = {isa = PBXBuildFile; fileRef = DF63A57C28D65232003B857E /* Thing.swift */; };
		DF63A57F28D65240003B857E /* Listing.swift in Sources */ = {isa = PBXBuildFile; fileRef = DF63A57E28D65240003B857E /* Listing.swift */; };
		DF63A58128D652C2003B857E /* ThingDetailView.swift in Sources */ = {isa = PBXBuildFile; fileRef = DF63A58028D652C2003B857E /* ThingDetailView.swift */; };
		DF63A58328D65E2A003B857E /* Comment.swift in Sources */ = {isa = PBXBuildFile; fileRef = DF63A58228D65E2A003B857E /* Comment.swift */; };
		DF984C5228D7B179003CA97D /* ImageProvider.swift in Sources */ = {isa = PBXBuildFile; fileRef = DF984C5128D7B179003CA97D /* ImageProvider.swift */; };
		DF984C5528D7C7F3003CA97D /* ImageProviderImplTests.swift in Sources */ = {isa = PBXBuildFile; fileRef = DF984C5428D7C7F3003CA97D /* ImageProviderImplTests.swift */; };
/* End PBXBuildFile section */

/* Begin PBXContainerItemProxy section */
		DF63A56028D646EB003B857E /* PBXContainerItemProxy */ = {
			isa = PBXContainerItemProxy;
			containerPortal = DF63A54728D646EA003B857E /* Project object */;
			proxyType = 1;
			remoteGlobalIDString = DF63A54E28D646EA003B857E;
			remoteInfo = Lurker;
		};
/* End PBXContainerItemProxy section */

/* Begin PBXFileReference section */
		DF22835828D913B500B8CC78 /* Link.swift */ = {isa = PBXFileReference; lastKnownFileType = sourcecode.swift; path = Link.swift; sourceTree = "<group>"; };
		DF63A54F28D646EA003B857E /* Lurker.app */ = {isa = PBXFileReference; explicitFileType = wrapper.application; includeInIndex = 0; path = Lurker.app; sourceTree = BUILT_PRODUCTS_DIR; };
		DF63A55228D646EA003B857E /* LurkerApp.swift */ = {isa = PBXFileReference; lastKnownFileType = sourcecode.swift; path = LurkerApp.swift; sourceTree = "<group>"; };
		DF63A55428D646EA003B857E /* ListingView.swift */ = {isa = PBXFileReference; lastKnownFileType = sourcecode.swift; path = ListingView.swift; sourceTree = "<group>"; };
		DF63A55628D646EB003B857E /* Assets.xcassets */ = {isa = PBXFileReference; lastKnownFileType = folder.assetcatalog; path = Assets.xcassets; sourceTree = "<group>"; };
		DF63A55928D646EB003B857E /* Preview Assets.xcassets */ = {isa = PBXFileReference; lastKnownFileType = folder.assetcatalog; path = "Preview Assets.xcassets"; sourceTree = "<group>"; };
		DF63A55F28D646EB003B857E /* LurkerTests.xctest */ = {isa = PBXFileReference; explicitFileType = wrapper.cfbundle; includeInIndex = 0; path = LurkerTests.xctest; sourceTree = BUILT_PRODUCTS_DIR; };
		DF63A57C28D65232003B857E /* Thing.swift */ = {isa = PBXFileReference; lastKnownFileType = sourcecode.swift; path = Thing.swift; sourceTree = "<group>"; };
		DF63A57E28D65240003B857E /* Listing.swift */ = {isa = PBXFileReference; lastKnownFileType = sourcecode.swift; path = Listing.swift; sourceTree = "<group>"; };
		DF63A58028D652C2003B857E /* ThingDetailView.swift */ = {isa = PBXFileReference; lastKnownFileType = sourcecode.swift; path = ThingDetailView.swift; sourceTree = "<group>"; };
		DF63A58228D65E2A003B857E /* Comment.swift */ = {isa = PBXFileReference; lastKnownFileType = sourcecode.swift; path = Comment.swift; sourceTree = "<group>"; };
		DF984C5128D7B179003CA97D /* ImageProvider.swift */ = {isa = PBXFileReference; lastKnownFileType = sourcecode.swift; path = ImageProvider.swift; sourceTree = "<group>"; };
		DF984C5328D7B913003CA97D /* Info.plist */ = {isa = PBXFileReference; lastKnownFileType = text.plist; path = Info.plist; sourceTree = "<group>"; };
		DF984C5428D7C7F3003CA97D /* ImageProviderImplTests.swift */ = {isa = PBXFileReference; lastKnownFileType = sourcecode.swift; path = ImageProviderImplTests.swift; sourceTree = "<group>"; };
/* End PBXFileReference section */

/* Begin PBXFrameworksBuildPhase section */
		DF63A54C28D646EA003B857E /* Frameworks */ = {
			isa = PBXFrameworksBuildPhase;
			buildActionMask = 2147483647;
			files = (
			);
			runOnlyForDeploymentPostprocessing = 0;
		};
		DF63A55C28D646EB003B857E /* Frameworks */ = {
			isa = PBXFrameworksBuildPhase;
			buildActionMask = 2147483647;
			files = (
			);
			runOnlyForDeploymentPostprocessing = 0;
		};
/* End PBXFrameworksBuildPhase section */

/* Begin PBXGroup section */
		DF63A54628D646EA003B857E = {
			isa = PBXGroup;
			children = (
				DF63A55128D646EA003B857E /* Lurker */,
				DF63A56228D646EB003B857E /* LurkerTests */,
				DF63A55028D646EA003B857E /* Products */,
			);
			sourceTree = "<group>";
		};
		DF63A55028D646EA003B857E /* Products */ = {
			isa = PBXGroup;
			children = (
				DF63A54F28D646EA003B857E /* Lurker.app */,
				DF63A55F28D646EB003B857E /* LurkerTests.xctest */,
			);
			name = Products;
			sourceTree = "<group>";
		};
		DF63A55128D646EA003B857E /* Lurker */ = {
			isa = PBXGroup;
			children = (
				DF63A55628D646EB003B857E /* Assets.xcassets */,
				DF63A58228D65E2A003B857E /* Comment.swift */,
				DF984C5128D7B179003CA97D /* ImageProvider.swift */,
				DF984C5328D7B913003CA97D /* Info.plist */,
				DF22835828D913B500B8CC78 /* Link.swift */,
				DF63A57E28D65240003B857E /* Listing.swift */,
				DF63A55428D646EA003B857E /* ListingView.swift */,
				DF63A55228D646EA003B857E /* LurkerApp.swift */,
				DF63A55828D646EB003B857E /* Preview Content */,
				DF63A57C28D65232003B857E /* Thing.swift */,
				DF63A58028D652C2003B857E /* ThingDetailView.swift */,
			);
			path = Lurker;
			sourceTree = "<group>";
		};
		DF63A55828D646EB003B857E /* Preview Content */ = {
			isa = PBXGroup;
			children = (
				DF63A55928D646EB003B857E /* Preview Assets.xcassets */,
			);
			path = "Preview Content";
			sourceTree = "<group>";
		};
		DF63A56228D646EB003B857E /* LurkerTests */ = {
			isa = PBXGroup;
			children = (
				DF984C5428D7C7F3003CA97D /* ImageProviderImplTests.swift */,
			);
			path = LurkerTests;
			sourceTree = "<group>";
		};
/* End PBXGroup section */

/* Begin PBXNativeTarget section */
		DF63A54E28D646EA003B857E /* Lurker */ = {
			isa = PBXNativeTarget;
			buildConfigurationList = DF63A57328D646EB003B857E /* Build configuration list for PBXNativeTarget "Lurker" */;
			buildPhases = (
				DF63A54B28D646EA003B857E /* Sources */,
				DF63A54C28D646EA003B857E /* Frameworks */,
				DF63A54D28D646EA003B857E /* Resources */,
			);
			buildRules = (
			);
			dependencies = (
			);
			name = Lurker;
			productName = Lurker;
			productReference = DF63A54F28D646EA003B857E /* Lurker.app */;
			productType = "com.apple.product-type.application";
		};
		DF63A55E28D646EB003B857E /* LurkerTests */ = {
			isa = PBXNativeTarget;
			buildConfigurationList = DF63A57628D646EB003B857E /* Build configuration list for PBXNativeTarget "LurkerTests" */;
			buildPhases = (
				DF63A55B28D646EB003B857E /* Sources */,
				DF63A55C28D646EB003B857E /* Frameworks */,
				DF63A55D28D646EB003B857E /* Resources */,
			);
			buildRules = (
			);
			dependencies = (
				DF63A56128D646EB003B857E /* PBXTargetDependency */,
			);
			name = LurkerTests;
			productName = LurkerTests;
			productReference = DF63A55F28D646EB003B857E /* LurkerTests.xctest */;
			productType = "com.apple.product-type.bundle.unit-test";
		};
/* End PBXNativeTarget section */

/* Begin PBXProject section */
		DF63A54728D646EA003B857E /* Project object */ = {
			isa = PBXProject;
			attributes = {
				BuildIndependentTargetsInParallel = 1;
				LastSwiftUpdateCheck = 1400;
				LastUpgradeCheck = 1400;
				TargetAttributes = {
					DF63A54E28D646EA003B857E = {
						CreatedOnToolsVersion = 14.0;
					};
					DF63A55E28D646EB003B857E = {
						CreatedOnToolsVersion = 14.0;
						TestTargetID = DF63A54E28D646EA003B857E;
					};
				};
			};
			buildConfigurationList = DF63A54A28D646EA003B857E /* Build configuration list for PBXProject "Lurker" */;
			compatibilityVersion = "Xcode 14.0";
			developmentRegion = en;
			hasScannedForEncodings = 0;
			knownRegions = (
				en,
				Base,
			);
			mainGroup = DF63A54628D646EA003B857E;
			productRefGroup = DF63A55028D646EA003B857E /* Products */;
			projectDirPath = "";
			projectRoot = "";
			targets = (
				DF63A54E28D646EA003B857E /* Lurker */,
				DF63A55E28D646EB003B857E /* LurkerTests */,
			);
		};
/* End PBXProject section */

/* Begin PBXResourcesBuildPhase section */
		DF63A54D28D646EA003B857E /* Resources */ = {
			isa = PBXResourcesBuildPhase;
			buildActionMask = 2147483647;
			files = (
				DF63A55A28D646EB003B857E /* Preview Assets.xcassets in Resources */,
				DF63A55728D646EB003B857E /* Assets.xcassets in Resources */,
			);
			runOnlyForDeploymentPostprocessing = 0;
		};
		DF63A55D28D646EB003B857E /* Resources */ = {
			isa = PBXResourcesBuildPhase;
			buildActionMask = 2147483647;
			files = (
			);
			runOnlyForDeploymentPostprocessing = 0;
		};
/* End PBXResourcesBuildPhase section */

/* Begin PBXSourcesBuildPhase section */
		DF63A54B28D646EA003B857E /* Sources */ = {
			isa = PBXSourcesBuildPhase;
			buildActionMask = 2147483647;
			files = (
				DF63A58128D652C2003B857E /* ThingDetailView.swift in Sources */,
				DF63A58328D65E2A003B857E /* Comment.swift in Sources */,
				DF63A55528D646EA003B857E /* ListingView.swift in Sources */,
				DF22835928D913B500B8CC78 /* Link.swift in Sources */,
				DF63A57D28D65232003B857E /* Thing.swift in Sources */,
				DF63A57F28D65240003B857E /* Listing.swift in Sources */,
				DF984C5228D7B179003CA97D /* ImageProvider.swift in Sources */,
				DF63A55328D646EA003B857E /* LurkerApp.swift in Sources */,
			);
			runOnlyForDeploymentPostprocessing = 0;
		};
		DF63A55B28D646EB003B857E /* Sources */ = {
			isa = PBXSourcesBuildPhase;
			buildActionMask = 2147483647;
			files = (
				DF984C5528D7C7F3003CA97D /* ImageProviderImplTests.swift in Sources */,
			);
			runOnlyForDeploymentPostprocessing = 0;
		};
/* End PBXSourcesBuildPhase section */

/* Begin PBXTargetDependency section */
		DF63A56128D646EB003B857E /* PBXTargetDependency */ = {
			isa = PBXTargetDependency;
			target = DF63A54E28D646EA003B857E /* Lurker */;
			targetProxy = DF63A56028D646EB003B857E /* PBXContainerItemProxy */;
		};
/* End PBXTargetDependency section */

/* Begin XCBuildConfiguration section */
		DF63A57128D646EB003B857E /* Debug */ = {
			isa = XCBuildConfiguration;
			buildSettings = {
				ALWAYS_SEARCH_USER_PATHS = NO;
				CLANG_ANALYZER_NONNULL = YES;
				CLANG_ANALYZER_NUMBER_OBJECT_CONVERSION = YES_AGGRESSIVE;
				CLANG_CXX_LANGUAGE_STANDARD = "gnu++20";
				CLANG_ENABLE_MODULES = YES;
				CLANG_ENABLE_OBJC_ARC = YES;
				CLANG_ENABLE_OBJC_WEAK = YES;
				CLANG_WARN_BLOCK_CAPTURE_AUTORELEASING = YES;
				CLANG_WARN_BOOL_CONVERSION = YES;
				CLANG_WARN_COMMA = YES;
				CLANG_WARN_CONSTANT_CONVERSION = YES;
				CLANG_WARN_DEPRECATED_OBJC_IMPLEMENTATIONS = YES;
				CLANG_WARN_DIRECT_OBJC_ISA_USAGE = YES_ERROR;
				CLANG_WARN_DOCUMENTATION_COMMENTS = YES;
				CLANG_WARN_EMPTY_BODY = YES;
				CLANG_WARN_ENUM_CONVERSION = YES;
				CLANG_WARN_INFINITE_RECURSION = YES;
				CLANG_WARN_INT_CONVERSION = YES;
				CLANG_WARN_NON_LITERAL_NULL_CONVERSION = YES;
				CLANG_WARN_OBJC_IMPLICIT_RETAIN_SELF = YES;
				CLANG_WARN_OBJC_LITERAL_CONVERSION = YES;
				CLANG_WARN_OBJC_ROOT_CLASS = YES_ERROR;
				CLANG_WARN_QUOTED_INCLUDE_IN_FRAMEWORK_HEADER = YES;
				CLANG_WARN_RANGE_LOOP_ANALYSIS = YES;
				CLANG_WARN_STRICT_PROTOTYPES = YES;
				CLANG_WARN_SUSPICIOUS_MOVE = YES;
				CLANG_WARN_UNGUARDED_AVAILABILITY = YES_AGGRESSIVE;
				CLANG_WARN_UNREACHABLE_CODE = YES;
				CLANG_WARN__DUPLICATE_METHOD_MATCH = YES;
				COPY_PHASE_STRIP = NO;
				DEBUG_INFORMATION_FORMAT = dwarf;
				ENABLE_STRICT_OBJC_MSGSEND = YES;
				ENABLE_TESTABILITY = YES;
				GCC_C_LANGUAGE_STANDARD = gnu11;
				GCC_DYNAMIC_NO_PIC = NO;
				GCC_NO_COMMON_BLOCKS = YES;
				GCC_OPTIMIZATION_LEVEL = 0;
				GCC_PREPROCESSOR_DEFINITIONS = (
					"DEBUG=1",
					"$(inherited)",
				);
				GCC_WARN_64_TO_32_BIT_CONVERSION = YES;
				GCC_WARN_ABOUT_RETURN_TYPE = YES_ERROR;
				GCC_WARN_UNDECLARED_SELECTOR = YES;
				GCC_WARN_UNINITIALIZED_AUTOS = YES_AGGRESSIVE;
				GCC_WARN_UNUSED_FUNCTION = YES;
				GCC_WARN_UNUSED_VARIABLE = YES;
				IPHONEOS_DEPLOYMENT_TARGET = 16.0;
				MTL_ENABLE_DEBUG_INFO = INCLUDE_SOURCE;
				MTL_FAST_MATH = YES;
				ONLY_ACTIVE_ARCH = YES;
				SDKROOT = iphoneos;
				SWIFT_ACTIVE_COMPILATION_CONDITIONS = DEBUG;
				SWIFT_OPTIMIZATION_LEVEL = "-Onone";
			};
			name = Debug;
		};
		DF63A57228D646EB003B857E /* Release */ = {
			isa = XCBuildConfiguration;
			buildSettings = {
				ALWAYS_SEARCH_USER_PATHS = NO;
				CLANG_ANALYZER_NONNULL = YES;
				CLANG_ANALYZER_NUMBER_OBJECT_CONVERSION = YES_AGGRESSIVE;
				CLANG_CXX_LANGUAGE_STANDARD = "gnu++20";
				CLANG_ENABLE_MODULES = YES;
				CLANG_ENABLE_OBJC_ARC = YES;
				CLANG_ENABLE_OBJC_WEAK = YES;
				CLANG_WARN_BLOCK_CAPTURE_AUTORELEASING = YES;
				CLANG_WARN_BOOL_CONVERSION = YES;
				CLANG_WARN_COMMA = YES;
				CLANG_WARN_CONSTANT_CONVERSION = YES;
				CLANG_WARN_DEPRECATED_OBJC_IMPLEMENTATIONS = YES;
				CLANG_WARN_DIRECT_OBJC_ISA_USAGE = YES_ERROR;
				CLANG_WARN_DOCUMENTATION_COMMENTS = YES;
				CLANG_WARN_EMPTY_BODY = YES;
				CLANG_WARN_ENUM_CONVERSION = YES;
				CLANG_WARN_INFINITE_RECURSION = YES;
				CLANG_WARN_INT_CONVERSION = YES;
				CLANG_WARN_NON_LITERAL_NULL_CONVERSION = YES;
				CLANG_WARN_OBJC_IMPLICIT_RETAIN_SELF = YES;
				CLANG_WARN_OBJC_LITERAL_CONVERSION = YES;
				CLANG_WARN_OBJC_ROOT_CLASS = YES_ERROR;
				CLANG_WARN_QUOTED_INCLUDE_IN_FRAMEWORK_HEADER = YES;
				CLANG_WARN_RANGE_LOOP_ANALYSIS = YES;
				CLANG_WARN_STRICT_PROTOTYPES = YES;
				CLANG_WARN_SUSPICIOUS_MOVE = YES;
				CLANG_WARN_UNGUARDED_AVAILABILITY = YES_AGGRESSIVE;
				CLANG_WARN_UNREACHABLE_CODE = YES;
				CLANG_WARN__DUPLICATE_METHOD_MATCH = YES;
				COPY_PHASE_STRIP = NO;
				DEBUG_INFORMATION_FORMAT = "dwarf-with-dsym";
				ENABLE_NS_ASSERTIONS = NO;
				ENABLE_STRICT_OBJC_MSGSEND = YES;
				GCC_C_LANGUAGE_STANDARD = gnu11;
				GCC_NO_COMMON_BLOCKS = YES;
				GCC_WARN_64_TO_32_BIT_CONVERSION = YES;
				GCC_WARN_ABOUT_RETURN_TYPE = YES_ERROR;
				GCC_WARN_UNDECLARED_SELECTOR = YES;
				GCC_WARN_UNINITIALIZED_AUTOS = YES_AGGRESSIVE;
				GCC_WARN_UNUSED_FUNCTION = YES;
				GCC_WARN_UNUSED_VARIABLE = YES;
				IPHONEOS_DEPLOYMENT_TARGET = 16.0;
				MTL_ENABLE_DEBUG_INFO = NO;
				MTL_FAST_MATH = YES;
				SDKROOT = iphoneos;
				SWIFT_COMPILATION_MODE = wholemodule;
				SWIFT_OPTIMIZATION_LEVEL = "-O";
				VALIDATE_PRODUCT = YES;
			};
			name = Release;
		};
		DF63A57428D646EB003B857E /* Debug */ = {
			isa = XCBuildConfiguration;
			buildSettings = {
				ASSETCATALOG_COMPILER_APPICON_NAME = AppIcon;
				ASSETCATALOG_COMPILER_GLOBAL_ACCENT_COLOR_NAME = AccentColor;
				CODE_SIGN_STYLE = Automatic;
				CURRENT_PROJECT_VERSION = 1;
				DEVELOPMENT_ASSET_PATHS = "\"Lurker/Preview Content\"";
				DEVELOPMENT_TEAM = 42LR54HVC2;
				ENABLE_PREVIEWS = YES;
				GENERATE_INFOPLIST_FILE = YES;
				INFOPLIST_FILE = Lurker/Info.plist;
				INFOPLIST_KEY_UIApplicationSceneManifest_Generation = YES;
				INFOPLIST_KEY_UIApplicationSupportsIndirectInputEvents = YES;
				INFOPLIST_KEY_UILaunchScreen_Generation = YES;
				INFOPLIST_KEY_UISupportedInterfaceOrientations_iPad = "UIInterfaceOrientationPortrait UIInterfaceOrientationPortraitUpsideDown UIInterfaceOrientationLandscapeLeft UIInterfaceOrientationLandscapeRight";
				INFOPLIST_KEY_UISupportedInterfaceOrientations_iPhone = "UIInterfaceOrientationPortrait UIInterfaceOrientationLandscapeLeft UIInterfaceOrientationLandscapeRight";
				LD_RUNPATH_SEARCH_PATHS = (
					"$(inherited)",
					"@executable_path/Frameworks",
				);
				MARKETING_VERSION = 1.0;
				PRODUCT_BUNDLE_IDENTIFIER = com.tthbalazs.Lurker;
				PRODUCT_NAME = "$(TARGET_NAME)";
				SWIFT_EMIT_LOC_STRINGS = YES;
				SWIFT_VERSION = 5.0;
				TARGETED_DEVICE_FAMILY = "1,2";
			};
			name = Debug;
		};
		DF63A57528D646EB003B857E /* Release */ = {
			isa = XCBuildConfiguration;
			buildSettings = {
				ASSETCATALOG_COMPILER_APPICON_NAME = AppIcon;
				ASSETCATALOG_COMPILER_GLOBAL_ACCENT_COLOR_NAME = AccentColor;
				CODE_SIGN_STYLE = Automatic;
				CURRENT_PROJECT_VERSION = 1;
				DEVELOPMENT_ASSET_PATHS = "\"Lurker/Preview Content\"";
				DEVELOPMENT_TEAM = 42LR54HVC2;
				ENABLE_PREVIEWS = YES;
				GENERATE_INFOPLIST_FILE = YES;
				INFOPLIST_FILE = Lurker/Info.plist;
				INFOPLIST_KEY_UIApplicationSceneManifest_Generation = YES;
				INFOPLIST_KEY_UIApplicationSupportsIndirectInputEvents = YES;
				INFOPLIST_KEY_UILaunchScreen_Generation = YES;
				INFOPLIST_KEY_UISupportedInterfaceOrientations_iPad = "UIInterfaceOrientationPortrait UIInterfaceOrientationPortraitUpsideDown UIInterfaceOrientationLandscapeLeft UIInterfaceOrientationLandscapeRight";
				INFOPLIST_KEY_UISupportedInterfaceOrientations_iPhone = "UIInterfaceOrientationPortrait UIInterfaceOrientationLandscapeLeft UIInterfaceOrientationLandscapeRight";
				LD_RUNPATH_SEARCH_PATHS = (
					"$(inherited)",
					"@executable_path/Frameworks",
				);
				MARKETING_VERSION = 1.0;
				PRODUCT_BUNDLE_IDENTIFIER = com.tthbalazs.Lurker;
				PRODUCT_NAME = "$(TARGET_NAME)";
				SWIFT_EMIT_LOC_STRINGS = YES;
				SWIFT_VERSION = 5.0;
				TARGETED_DEVICE_FAMILY = "1,2";
			};
			name = Release;
		};
		DF63A57728D646EB003B857E /* Debug */ = {
			isa = XCBuildConfiguration;
			buildSettings = {
				ALWAYS_EMBED_SWIFT_STANDARD_LIBRARIES = YES;
				BUNDLE_LOADER = "$(TEST_HOST)";
				CODE_SIGN_STYLE = Automatic;
				CURRENT_PROJECT_VERSION = 1;
				DEVELOPMENT_TEAM = 42LR54HVC2;
				GENERATE_INFOPLIST_FILE = YES;
				IPHONEOS_DEPLOYMENT_TARGET = 16.0;
				MARKETING_VERSION = 1.0;
				PRODUCT_BUNDLE_IDENTIFIER = com.tthbalazs.LurkerTests;
				PRODUCT_NAME = "$(TARGET_NAME)";
				SWIFT_EMIT_LOC_STRINGS = NO;
				SWIFT_VERSION = 5.0;
				TARGETED_DEVICE_FAMILY = "1,2";
				TEST_HOST = "$(BUILT_PRODUCTS_DIR)/Lurker.app/$(BUNDLE_EXECUTABLE_FOLDER_PATH)/Lurker";
			};
			name = Debug;
		};
		DF63A57828D646EB003B857E /* Release */ = {
			isa = XCBuildConfiguration;
			buildSettings = {
				ALWAYS_EMBED_SWIFT_STANDARD_LIBRARIES = YES;
				BUNDLE_LOADER = "$(TEST_HOST)";
				CODE_SIGN_STYLE = Automatic;
				CURRENT_PROJECT_VERSION = 1;
				DEVELOPMENT_TEAM = 42LR54HVC2;
				GENERATE_INFOPLIST_FILE = YES;
				IPHONEOS_DEPLOYMENT_TARGET = 16.0;
				MARKETING_VERSION = 1.0;
				PRODUCT_BUNDLE_IDENTIFIER = com.tthbalazs.LurkerTests;
				PRODUCT_NAME = "$(TARGET_NAME)";
				SWIFT_EMIT_LOC_STRINGS = NO;
				SWIFT_VERSION = 5.0;
				TARGETED_DEVICE_FAMILY = "1,2";
				TEST_HOST = "$(BUILT_PRODUCTS_DIR)/Lurker.app/$(BUNDLE_EXECUTABLE_FOLDER_PATH)/Lurker";
			};
			name = Release;
		};
/* End XCBuildConfiguration section */

/* Begin XCConfigurationList section */
		DF63A54A28D646EA003B857E /* Build configuration list for PBXProject "Lurker" */ = {
			isa = XCConfigurationList;
			buildConfigurations = (
				DF63A57128D646EB003B857E /* Debug */,
				DF63A57228D646EB003B857E /* Release */,
			);
			defaultConfigurationIsVisible = 0;
			defaultConfigurationName = Release;
		};
		DF63A57328D646EB003B857E /* Build configuration list for PBXNativeTarget "Lurker" */ = {
			isa = XCConfigurationList;
			buildConfigurations = (
				DF63A57428D646EB003B857E /* Debug */,
				DF63A57528D646EB003B857E /* Release */,
			);
			defaultConfigurationIsVisible = 0;
			defaultConfigurationName = Release;
		};
		DF63A57628D646EB003B857E /* Build configuration list for PBXNativeTarget "LurkerTests" */ = {
			isa = XCConfigurationList;
			buildConfigurations = (
				DF63A57728D646EB003B857E /* Debug */,
				DF63A57828D646EB003B857E /* Release */,
			);
			defaultConfigurationIsVisible = 0;
			defaultConfigurationName = Release;
		};
/* End XCConfigurationList section */
	};
	rootObject = DF63A54728D646EA003B857E /* Project object */;
}
